
Microsoft Visual Studio Solution File, Format Version 12.00
# Visual Studio Version 17
VisualStudioVersion = 17.5.002.0
MinimumVisualStudioVersion = 10.0.40219.1
Project("{9A19103F-16F7-4668-BE54-9A1E7A4F7556}") = "L6 - Diego Diaz - 1214024", "L6 - Diego Diaz - 1214024.csproj", "{DD90D20B-3418-498C-B5D1-CBDF147BB3EE}"
EndProject
Global
	GlobalSection(SolutionConfigurationPlatforms) = preSolution
		Debug|Any CPU = Debug|Any CPU
		Release|Any CPU = Release|Any CPU
	EndGlobalSection
	GlobalSection(ProjectConfigurationPlatforms) = postSolution
		{DD90D20B-3418-498C-B5D1-CBDF147BB3EE}.Debug|Any CPU.ActiveCfg = Debug|Any CPU
		{DD90D20B-3418-498C-B5D1-CBDF147BB3EE}.Debug|Any CPU.Build.0 = Debug|Any CPU
		{DD90D20B-3418-498C-B5D1-CBDF147BB3EE}.Release|Any CPU.ActiveCfg = Release|Any CPU
		{DD90D20B-3418-498C-B5D1-CBDF147BB3EE}.Release|Any CPU.Build.0 = Release|Any CPU
	EndGlobalSection
	GlobalSection(SolutionProperties) = preSolution
		HideSolutionNode = FALSE
	EndGlobalSection
	GlobalSection(ExtensibilityGlobals) = postSolution
		SolutionGuid = {7C1FF3AE-E2ED-4624-B6FA-2FB022CC9821}
	EndGlobalSection
EndGlobal
